
Microsoft Visual Studio Solution File, Format Version 12.00
# Visual Studio Version 17
VisualStudioVersion = 17.11.35327.3
MinimumVisualStudioVersion = 10.0.40219.1
Project("{FAE04EC0-301F-11D3-BF4B-00C04F79EFBC}") = "ConsoleApp1", "ConsoleApp1\ConsoleApp1.csproj", "{BB2CCA70-F49E-4E6E-817A-5F9E1974B2CF}"
EndProject
Global
	GlobalSection(SolutionConfigurationPlatforms) = preSolution
		Debug|Any CPU = Debug|Any CPU
		Release|Any CPU = Release|Any CPU
	EndGlobalSection
	GlobalSection(ProjectConfigurationPlatforms) = postSolution
		{BB2CCA70-F49E-4E6E-817A-5F9E1974B2CF}.Debug|Any CPU.ActiveCfg = Debug|Any CPU
		{BB2CCA70-F49E-4E6E-817A-5F9E1974B2CF}.Debug|Any CPU.Build.0 = Debug|Any CPU
		{BB2CCA70-F49E-4E6E-817A-5F9E1974B2CF}.Release|Any CPU.ActiveCfg = Release|Any CPU
		{BB2CCA70-F49E-4E6E-817A-5F9E1974B2CF}.Release|Any CPU.Build.0 = Release|Any CPU
	EndGlobalSection
	GlobalSection(SolutionProperties) = preSolution
		HideSolutionNode = FALSE
	EndGlobalSection
	GlobalSection(ExtensibilityGlobals) = postSolution
		SolutionGuid = {EEEA8C5A-107B-46DA-BDEB-D67EFDAA4AFE}
	EndGlobalSection
EndGlobal
